
Microsoft Visual Studio Solution File, Format Version 12.00
# TcXaeShell Solution File, Format Version 11.00
VisualStudioVersion = 15.0.33403.129
MinimumVisualStudioVersion = 10.0.40219.1
Project("{FE7A1B72-C5B7-4D7C-BB7D-76384D4DE8E1}") = "UserControlToFWControl", "UserControlToFWControl\UserControlToFWControl.hmiproj", "{658AD708-D904-44D9-BF20-99E9826173C1}"
EndProject
Project("{3B740506-4966-4147-AB1F-357FE08946EA}") = "TcHmiFw_UcToFw", "TcHmiFw_UcToFw\TcHmiFw_UcToFw.hmiextproj", "{D98EE39C-14FD-41A4-BE53-4ED48A4A00DE}"
EndProject
Global
	GlobalSection(SolutionConfigurationPlatforms) = preSolution
		Debug|TwinCAT HMI = Debug|TwinCAT HMI
		Release|TwinCAT HMI = Release|TwinCAT HMI
	EndGlobalSection
	GlobalSection(ProjectConfigurationPlatforms) = postSolution
		{658AD708-D904-44D9-BF20-99E9826173C1}.Debug|TwinCAT HMI.ActiveCfg = Debug|TwinCAT HMI
		{658AD708-D904-44D9-BF20-99E9826173C1}.Debug|TwinCAT HMI.Build.0 = Debug|TwinCAT HMI
		{658AD708-D904-44D9-BF20-99E9826173C1}.Release|TwinCAT HMI.ActiveCfg = Release|TwinCAT HMI
		{658AD708-D904-44D9-BF20-99E9826173C1}.Release|TwinCAT HMI.Build.0 = Release|TwinCAT HMI
		{D98EE39C-14FD-41A4-BE53-4ED48A4A00DE}.Debug|TwinCAT HMI.ActiveCfg = Debug|TwinCAT HMI
		{D98EE39C-14FD-41A4-BE53-4ED48A4A00DE}.Debug|TwinCAT HMI.Build.0 = Debug|TwinCAT HMI
		{D98EE39C-14FD-41A4-BE53-4ED48A4A00DE}.Release|TwinCAT HMI.ActiveCfg = Release|TwinCAT HMI
		{D98EE39C-14FD-41A4-BE53-4ED48A4A00DE}.Release|TwinCAT HMI.Build.0 = Release|TwinCAT HMI
	EndGlobalSection
	GlobalSection(SolutionProperties) = preSolution
		HideSolutionNode = FALSE
	EndGlobalSection
	GlobalSection(ExtensibilityGlobals) = postSolution
		SolutionGuid = {411FADBE-CE21-436C-BB5B-A9EE5CDC847F}
	EndGlobalSection
EndGlobal
